version = 1
revision = 3
requires-python = ">=3.11"

[[package]]
name = "amqp"
version = "5.3.1"
source = { registry = "https://pypi.org/simple" }
dependencies = [
    { name = "vine" },
]
sdist = { url = "https://files.pythonhosted.org/packages/79/fc/ec94a357dfc6683d8c86f8b4cfa5416a4c36b28052ec8260c77aca96a443/amqp-5.3.1.tar.gz", hash = "sha256:cddc00c725449522023bad949f70fff7b48f0b1ade74d170a6f10ab044739432", size = 129013, upload-time = "2024-11-12T19:55:44.051Z" }
wheels = [
    { url = "https://files.pythonhosted.org/packages/26/99/fc813cd978842c26c82534010ea849eee9ab3a13ea2b74e95cb9c99e747b/amqp-5.3.1-py3-none-any.whl", hash = "sha256:43b3319e1b4e7d1251833a93d672b4af1e40f3d632d479b98661a95f117880a2", size = 50944, upload-time = "2024-11-12T19:55:41.782Z" },
]

[[package]]
name = "async-timeout"
version = "5.0.1"
source = { registry = "https://pypi.org/simple" }
sdist = { url = "https://files.pythonhosted.org/packages/a5/ae/136395dfbfe00dfc94da3f3e136d0b13f394cba8f4841120e34226265780/async_timeout-5.0.1.tar.gz", hash = "sha256:d9321a7a3d5a6a5e187e824d2fa0793ce379a202935782d555d6e9d2735677d3", size = 9274, upload-time = "2024-11-06T16:41:39.6Z" }
wheels = [
    { url = "https://files.pythonhosted.org/packages/fe/ba/e2081de779ca30d473f21f5b30e0e737c438205440784c7dfc81efc2b029/async_timeout-5.0.1-py3-none-any.whl", hash = "sha256:39e3809566ff85354557ec2398b55e096c8364bacac9405a7a1fa429e77fe76c", size = 6233, upload-time = "2024-11-06T16:41:37.9Z" },
]

[[package]]
name = "billiard"
version = "4.2.3"
source = { registry = "https://pypi.org/simple" }
sdist = { url = "https://files.pythonhosted.org/packages/6a/50/cc2b8b6e6433918a6b9a3566483b743dcd229da1e974be9b5f259db3aad7/billiard-4.2.3.tar.gz", hash = "sha256:96486f0885afc38219d02d5f0ccd5bec8226a414b834ab244008cbb0025b8dcb", size = 156450, upload-time = "2025-11-16T17:47:30.281Z" }
wheels = [
    { url = "https://files.pythonhosted.org/packages/b3/cc/38b6f87170908bd8aaf9e412b021d17e85f690abe00edf50192f1a4566b9/billiard-4.2.3-py3-none-any.whl", hash = "sha256:989e9b688e3abf153f307b68a1328dfacfb954e30a4f920005654e276c69236b", size = 87042, upload-time = "2025-11-16T17:47:29.005Z" },
]

[[package]]
name = "celery"
version = "5.5.3"
source = { registry = "https://pypi.org/simple" }
dependencies = [
    { name = "billiard" },
    { name = "click" },
    { name = "click-didyoumean" },
    { name = "click-plugins" },
    { name = "click-repl" },
    { name = "kombu" },
    { name = "python-dateutil" },
    { name = "vine" },
]
sdist = { url = "https://files.pythonhosted.org/packages/bb/7d/6c289f407d219ba36d8b384b42489ebdd0c84ce9c413875a8aae0c85f35b/celery-5.5.3.tar.gz", hash = "sha256:6c972ae7968c2b5281227f01c3a3f984037d21c5129d07bf3550cc2afc6b10a5", size = 1667144, upload-time = "2025-06-01T11:08:12.563Z" }
wheels = [
    { url = "https://files.pythonhosted.org/packages/c9/af/0dcccc7fdcdf170f9a1585e5e96b6fb0ba1749ef6be8c89a6202284759bd/celery-5.5.3-py3-none-any.whl", hash = "sha256:0b5761a07057acee94694464ca482416b959568904c9dfa41ce8413a7d65d525", size = 438775, upload-time = "2025-06-01T11:08:09.94Z" },
]

[[package]]
name = "click"
version = "8.3.1"
source = { registry = "https://pypi.org/simple" }
dependencies = [
    { name = "colorama", marker = "sys_platform == 'win32'" },
]
sdist = { url = "https://files.pythonhosted.org/packages/3d/fa/656b739db8587d7b5dfa22e22ed02566950fbfbcdc20311993483657a5c0/click-8.3.1.tar.gz", hash = "sha256:12ff4785d337a1bb490bb7e9c2b1ee5da3112e94a8622f26a6c77f5d2fc6842a", size = 295065, upload-time = "2025-11-15T20:45:42.706Z" }
wheels = [
    { url = "https://files.pythonhosted.org/packages/98/78/01c019cdb5d6498122777c1a43056ebb3ebfeef2076d9d026bfe15583b2b/click-8.3.1-py3-none-any.whl", hash = "sha256:981153a64e25f12d547d3426c367a4857371575ee7ad18df2a6183ab0545b2a6", size = 108274, upload-time = "2025-11-15T20:45:41.139Z" },
]

[[package]]
name = "click-didyoumean"
version = "0.3.1"
source = { registry = "https://pypi.org/simple" }
dependencies = [
    { name = "click" },
]
sdist = { url = "https://files.pythonhosted.org/packages/30/ce/217289b77c590ea1e7c24242d9ddd6e249e52c795ff10fac2c50062c48cb/click_didyoumean-0.3.1.tar.gz", hash = "sha256:4f82fdff0dbe64ef8ab2279bd6aa3f6a99c3b28c05aa09cbfc07c9d7fbb5a463", size = 3089, upload-time = "2024-03-24T08:22:07.499Z" }
wheels = [
    { url = "https://files.pythonhosted.org/packages/1b/5b/974430b5ffdb7a4f1941d13d83c64a0395114503cc357c6b9ae4ce5047ed/click_didyoumean-0.3.1-py3-none-any.whl", hash = "sha256:5c4bb6007cfea5f2fd6583a2fb6701a22a41eb98957e63d0fac41c10e7c3117c", size = 3631, upload-time = "2024-03-24T08:22:06.356Z" },
]

[[package]]
name = "click-plugins"
version = "1.1.1.2"
source = { registry = "https://pypi.org/simple" }
dependencies = [
    { name = "click" },
]
sdist = { url = "https://files.pythonhosted.org/packages/c3/a4/34847b59150da33690a36da3681d6bbc2ec14ee9a846bc30a6746e5984e4/click_plugins-1.1.1.2.tar.gz", hash = "sha256:d7af3984a99d243c131aa1a828331e7630f4a88a9741fd05c927b204bcf92261", size = 8343, upload-time = "2025-06-25T00:47:37.555Z" }
wheels = [
    { url = "https://files.pythonhosted.org/packages/3d/9a/2abecb28ae875e39c8cad711eb1186d8d14eab564705325e77e4e6ab9ae5/click_plugins-1.1.1.2-py2.py3-none-any.whl", hash = "sha256:008d65743833ffc1f5417bf0e78e8d2c23aab04d9745ba817bd3e71b0feb6aa6", size = 11051, upload-time = "2025-06-25T00:47:36.731Z" },
]

[[package]]
name = "click-repl"
version = "0.3.0"
source = { registry = "https://pypi.org/simple" }
dependencies = [
    { name = "click" },
    { name = "prompt-toolkit" },
]
sdist = { url = "https://files.pythonhosted.org/packages/cb/a2/57f4ac79838cfae6912f997b4d1a64a858fb0c86d7fcaae6f7b58d267fca/click-repl-0.3.0.tar.gz", hash = "sha256:17849c23dba3d667247dc4defe1757fff98694e90fe37474f3feebb69ced26a9", size = 10449, upload-time = "2023-06-15T12:43:51.141Z" }
wheels = [
    { url = "https://files.pythonhosted.org/packages/52/40/9d857001228658f0d59e97ebd4c346fe73e138c6de1bce61dc568a57c7f8/click_repl-0.3.0-py3-none-any.whl", hash = "sha256:fb7e06deb8da8de86180a33a9da97ac316751c094c6899382da7feeeeb51b812", size = 10289, upload-time = "2023-06-15T12:43:48.626Z" },
]

[[package]]
name = "colorama"
version = "0.4.6"
source = { registry = "https://pypi.org/simple" }
sdist = { url = "https://files.pythonhosted.org/packages/d8/53/6f443c9a4a8358a93a6792e2acffb9d9d5cb0a5cfd8802644b7b1c9a02e4/colorama-0.4.6.tar.gz", hash = "sha256:08695f5cb7ed6e0531a20572697297273c47b8cae5a63ffc6d6ed5c201be6e44", size = 27697, upload-time = "2022-10-25T02:36:22.414Z" }
wheels = [
    { url = "https://files.pythonhosted.org/packages/d1/d6/3965ed04c63042e047cb6a3e6ed1a63a35087b6a609aa3a15ed8ac56c221/colorama-0.4.6-py2.py3-none-any.whl", hash = "sha256:4f1d9991f5acc0ca119f9d443620b77f9d6b33703e51011c16baf57afb285fc6", size = 25335, upload-time = "2022-10-25T02:36:20.889Z" },
]

[[package]]
name = "iniconfig"
version = "2.3.0"
source = { registry = "https://pypi.org/simple" }
sdist = { url = "https://files.pythonhosted.org/packages/72/34/14ca021ce8e5dfedc35312d08ba8bf51fdd999c576889fc2c24cb97f4f10/iniconfig-2.3.0.tar.gz", hash = "sha256:c76315c77db068650d49c5b56314774a7804df16fee4402c1f19d6d15d8c4730", size = 20503, upload-time = "2025-10-18T21:55:43.219Z" }
wheels = [
    { url = "https://files.pythonhosted.org/packages/cb/b1/3846dd7f199d53cb17f49cba7e651e9ce294d8497c8c150530ed11865bb8/iniconfig-2.3.0-py3-none-any.whl", hash = "sha256:f631c04d2c48c52b84d0d0549c99ff3859c98df65b3101406327ecc7d53fbf12", size = 7484, upload-time = "2025-10-18T21:55:41.639Z" },
]

[[package]]
name = "kombu"
version = "5.5.4"
source = { registry = "https://pypi.org/simple" }
dependencies = [
    { name = "amqp" },
    { name = "packaging" },
    { name = "tzdata" },
    { name = "vine" },
]
sdist = { url = "https://files.pythonhosted.org/packages/0f/d3/5ff936d8319ac86b9c409f1501b07c426e6ad41966fedace9ef1b966e23f/kombu-5.5.4.tar.gz", hash = "sha256:886600168275ebeada93b888e831352fe578168342f0d1d5833d88ba0d847363", size = 461992, upload-time = "2025-06-01T10:19:22.281Z" }
wheels = [
    { url = "https://files.pythonhosted.org/packages/ef/70/a07dcf4f62598c8ad579df241af55ced65bed76e42e45d3c368a6d82dbc1/kombu-5.5.4-py3-none-any.whl", hash = "sha256:a12ed0557c238897d8e518f1d1fdf84bd1516c5e305af2dacd85c2015115feb8", size = 210034, upload-time = "2025-06-01T10:19:20.436Z" },
]

[[package]]
name = "nodeenv"
version = "1.9.1"
source = { registry = "https://pypi.org/simple" }
sdist = { url = "https://files.pythonhosted.org/packages/43/16/fc88b08840de0e0a72a2f9d8c6bae36be573e475a6326ae854bcc549fc45/nodeenv-1.9.1.tar.gz", hash = "sha256:6ec12890a2dab7946721edbfbcd91f3319c6ccc9aec47be7c7e6b7011ee6645f", size = 47437, upload-time = "2024-06-04T18:44:11.171Z" }
wheels = [
    { url = "https://files.pythonhosted.org/packages/d2/1d/1b658dbd2b9fa9c4c9f32accbfc0205d532c8c6194dc0f2a4c0428e7128a/nodeenv-1.9.1-py2.py3-none-any.whl", hash = "sha256:ba11c9782d29c27c70ffbdda2d7415098754709be8a7056d79a737cd901155c9", size = 22314, upload-time = "2024-06-04T18:44:08.352Z" },
]

[[package]]
name = "orjson"
version = "3.11.4"
source = { registry = "https://pypi.org/simple" }
sdist = { url = "https://files.pythonhosted.org/packages/c6/fe/ed708782d6709cc60eb4c2d8a361a440661f74134675c72990f2c48c785f/orjson-3.11.4.tar.gz", hash = "sha256:39485f4ab4c9b30a3943cfe99e1a213c4776fb69e8abd68f66b83d5a0b0fdc6d", size = 5945188, upload-time = "2025-10-24T15:50:38.027Z" }
wheels = [
    { url = "https://files.pythonhosted.org/packages/63/1d/1ea6005fffb56715fd48f632611e163d1604e8316a5bad2288bee9a1c9eb/orjson-3.11.4-cp311-cp311-macosx_10_15_x86_64.macosx_11_0_arm64.macosx_10_15_universal2.whl", hash = "sha256:5e59d23cd93ada23ec59a96f215139753fbfe3a4d989549bcb390f8c00370b39", size = 243498, upload-time = "2025-10-24T15:48:48.101Z" },
    { url = "https://files.pythonhosted.org/packages/37/d7/ffed10c7da677f2a9da307d491b9eb1d0125b0307019c4ad3d665fd31f4f/orjson-3.11.4-cp311-cp311-macosx_15_0_arm64.whl", hash = "sha256:5c3aedecfc1beb988c27c79d52ebefab93b6c3921dbec361167e6559aba2d36d", size = 128961, upload-time = "2025-10-24T15:48:49.571Z" },
    { url = "https://files.pythonhosted.org/packages/a2/96/3e4d10a18866d1368f73c8c44b7fe37cc8a15c32f2a7620be3877d4c55a3/orjson-3.11.4-cp311-cp311-manylinux_2_17_aarch64.manylinux2014_aarch64.whl", hash = "sha256:da9e5301f1c2caa2a9a4a303480d79c9ad73560b2e7761de742ab39fe59d9175", size = 130321, upload-time = "2025-10-24T15:48:50.713Z" },
    { url = "https://files.pythonhosted.org/packages/eb/1f/465f66e93f434f968dd74d5b623eb62c657bdba2332f5a8be9f118bb74c7/orjson-3.11.4-cp311-cp311-manylinux_2_17_armv7l.manylinux2014_armv7l.whl", hash = "sha256:8873812c164a90a79f65368f8f96817e59e35d0cc02786a5356f0e2abed78040", size = 129207, upload-time = "2025-10-24T15:48:52.193Z" },
    { url = "https://files.pythonhosted.org/packages/28/43/d1e94837543321c119dff277ae8e348562fe8c0fafbb648ef7cb0c67e521/orjson-3.11.4-cp311-cp311-manylinux_2_17_i686.manylinux2014_i686.whl", hash = "sha256:5d7feb0741ebb15204e748f26c9638e6665a5fa93c37a2c73d64f1669b0ddc63", size = 136323, upload-time = "2025-10-24T15:48:54.806Z" },
    { url = "https://files.pythonhosted.org/packages/bf/04/93303776c8890e422a5847dd012b4853cdd88206b8bbd3edc292c90102d1/orjson-3.11.4-cp311-cp311-manylinux_2_17_ppc64le.manylinux2014_ppc64le.whl", hash = "sha256:01ee5487fefee21e6910da4c2ee9eef005bee568a0879834df86f888d2ffbdd9", size = 137440, upload-time = "2025-10-24T15:48:56.326Z" },
    { url = "https://files.pythonhosted.org/packages/1e/ef/75519d039e5ae6b0f34d0336854d55544ba903e21bf56c83adc51cd8bf82/orjson-3.11.4-cp311-cp311-manylinux_2_17_s390x.manylinux2014_s390x.whl", hash = "sha256:3d40d46f348c0321df01507f92b95a377240c4ec31985225a6668f10e2676f9a", size = 136680, upload-time = "2025-10-24T15:48:57.476Z" },
    { url = "https://files.pythonhosted.org/packages/b5/18/bf8581eaae0b941b44efe14fee7b7862c3382fbc9a0842132cfc7cf5ecf4/orjson-3.11.4-cp311-cp311-manylinux_2_17_x86_64.manylinux2014_x86_64.whl", hash = "sha256:95713e5fc8af84d8edc75b785d2386f653b63d62b16d681687746734b4dfc0be", size = 136160, upload-time = "2025-10-24T15:48:59.631Z" },
    { url = "https://files.pythonhosted.org/packages/c4/35/a6d582766d351f87fc0a22ad740a641b0a8e6fc47515e8614d2e4790ae10/orjson-3.11.4-cp311-cp311-musllinux_1_2_aarch64.whl", hash = "sha256:ad73ede24f9083614d6c4ca9a85fe70e33be7bf047ec586ee2363bc7418fe4d7", size = 140318, upload-time = "2025-10-24T15:49:00.834Z" },
    { url = "https://files.pythonhosted.org/packages/76/b3/5a4801803ab2e2e2d703bce1a56540d9f99a9143fbec7bf63d225044fef8/orjson-3.11.4-cp311-cp311-musllinux_1_2_armv7l.whl", hash = "sha256:842289889de515421f3f224ef9c1f1efb199a32d76d8d2ca2706fa8afe749549", size = 406330, upload-time = "2025-10-24T15:49:02.327Z" },
    { url = "https://files.pythonhosted.org/packages/80/55/a8f682f64833e3a649f620eafefee175cbfeb9854fc5b710b90c3bca45df/orjson-3.11.4-cp311-cp311-musllinux_1_2_i686.whl", hash = "sha256:3b2427ed5791619851c52a1261b45c233930977e7de8cf36de05636c708fa905", size = 149580, upload-time = "2025-10-24T15:49:03.517Z" },
    { url = "https://files.pythonhosted.org/packages/ad/e4/c132fa0c67afbb3eb88274fa98df9ac1f631a675e7877037c611805a4413/orjson-3.11.4-cp311-cp311-musllinux_1_2_x86_64.whl", hash = "sha256:3c36e524af1d29982e9b190573677ea02781456b2e537d5840e4538a5ec41907", size = 139846, upload-time = "2025-10-24T15:49:04.761Z" },
    { url = "https://files.pythonhosted.org/packages/54/06/dc3491489efd651fef99c5908e13951abd1aead1257c67f16135f95ce209/orjson-3.11.4-cp311-cp311-win32.whl", hash = "sha256:87255b88756eab4a68ec61837ca754e5d10fa8bc47dc57f75cedfeaec358d54c", size = 135781, upload-time = "2025-10-24T15:49:05.969Z" },
    { url = "https://files.pythonhosted.org/packages/79/b7/5e5e8d77bd4ea02a6ac54c42c818afb01dd31961be8a574eb79f1d2cfb1e/orjson-3.11.4-cp311-cp311-win_amd64.whl", hash = "sha256:e2d5d5d798aba9a0e1fede8d853fa899ce2cb930ec0857365f700dffc2c7af6a", size = 131391, upload-time = "2025-10-24T15:49:07.355Z" },
    { url = "https://files.pythonhosted.org/packages/0f/dc/9484127cc1aa213be398ed735f5f270eedcb0c0977303a6f6ddc46b60204/orjson-3.11.4-cp311-cp311-win_arm64.whl", hash = "sha256:6bb6bb41b14c95d4f2702bce9975fda4516f1db48e500102fc4d8119032ff045", size = 126252, upload-time = "2025-10-24T15:49:08.869Z" },
    { url = "https://files.pythonhosted.org/packages/63/51/6b556192a04595b93e277a9ff71cd0cc06c21a7df98bcce5963fa0f5e36f/orjson-3.11.4-cp312-cp312-macosx_10_15_x86_64.macosx_11_0_arm64.macosx_10_15_universal2.whl", hash = "sha256:d4371de39319d05d3f482f372720b841c841b52f5385bd99c61ed69d55d9ab50", size = 243571, upload-time = "2025-10-24T15:49:10.008Z" },
    { url = "https://files.pythonhosted.org/packages/1c/2c/2602392ddf2601d538ff11848b98621cd465d1a1ceb9db9e8043181f2f7b/orjson-3.11.4-cp312-cp312-macosx_15_0_arm64.whl", hash = "sha256:e41fd3b3cac850eaae78232f37325ed7d7436e11c471246b87b2cd294ec94853", size = 128891, upload-time = "2025-10-24T15:49:11.297Z" },
    { url = "https://files.pythonhosted.org/packages/4e/47/bf85dcf95f7a3a12bf223394a4f849430acd82633848d52def09fa3f46ad/orjson-3.11.4-cp312-cp312-manylinux_2_17_aarch64.manylinux2014_aarch64.whl", hash = "sha256:600e0e9ca042878c7fdf189cf1b028fe2c1418cc9195f6cb9824eb6ed99cb938", size = 130137, upload-time = "2025-10-24T15:49:12.544Z" },
    { url = "https://files.pythonhosted.org/packages/b4/4d/a0cb31007f3ab6f1fd2a1b17057c7c349bc2baf8921a85c0180cc7be8011/orjson-3.11.4-cp312-cp312-manylinux_2_17_armv7l.manylinux2014_armv7l.whl", hash = "sha256:7bbf9b333f1568ef5da42bc96e18bf30fd7f8d54e9ae066d711056add508e415", size = 129152, upload-time = "2025-10-24T15:49:13.754Z" },
    { url = "https://files.pythonhosted.org/packages/f7/ef/2811def7ce3d8576b19e3929fff8f8f0d44bc5eb2e0fdecb2e6e6cc6c720/orjson-3.11.4-cp312-cp312-manylinux_2_17_i686.manylinux2014_i686.whl", hash = "sha256:4806363144bb6e7297b8e95870e78d30a649fdc4e23fc84daa80c8ebd366ce44", size = 136834, upload-time = "2025-10-24T15:49:15.307Z" },
    { url = "https://files.pythonhosted.org/packages/00/d4/9aee9e54f1809cec8ed5abd9bc31e8a9631d19460e3b8470145d25140106/orjson-3.11.4-cp312-cp312-manylinux_2_17_ppc64le.manylinux2014_ppc64le.whl", hash = "sha256:ad355e8308493f527d41154e9053b86a5be892b3b359a5c6d5d95cda23601cb2", size = 137519, upload-time = "2025-10-24T15:49:16.557Z" },
    { url = "https://files.pythonhosted.org/packages/db/ea/67bfdb5465d5679e8ae8d68c11753aaf4f47e3e7264bad66dc2f2249e643/orjson-3.11.4-cp312-cp312-manylinux_2_17_s390x.manylinux2014_s390x.whl", hash = "sha256:c8a7517482667fb9f0ff1b2f16fe5829296ed7a655d04d68cd9711a4d8a4e708", size = 136749, upload-time = "2025-10-24T15:49:17.796Z" },
    { url = "https://files.pythonhosted.org/packages/01/7e/62517dddcfce6d53a39543cd74d0dccfcbdf53967017c58af68822100272/orjson-3.11.4-cp312-cp312-manylinux_2_17_x86_64.manylinux2014_x86_64.whl", hash = "sha256:97eb5942c7395a171cbfecc4ef6701fc3c403e762194683772df4c54cfbb2210", size = 136325, upload-time = "2025-10-24T15:49:19.347Z" },
    { url = "https://files.pythonhosted.org/packages/18/ae/40516739f99ab4c7ec3aaa5cc242d341fcb03a45d89edeeaabc5f69cb2cf/orjson-3.11.4-cp312-cp312-musllinux_1_2_aarch64.whl", hash = "sha256:149d95d5e018bdd822e3f38c103b1a7c91f88d38a88aada5c4e9b3a73a244241", size = 140204, upload-time = "2025-10-24T15:49:20.545Z" },
    { url = "https://files.pythonhosted.org/packages/82/18/ff5734365623a8916e3a4037fcef1cd1782bfc14cf0992afe7940c5320bf/orjson-3.11.4-cp312-cp312-musllinux_1_2_armv7l.whl", hash = "sha256:624f3951181eb46fc47dea3d221554e98784c823e7069edb5dbd0dc826ac909b", size = 406242, upload-time = "2025-10-24T15:49:21.884Z" },
    { url = "https://files.pythonhosted.org/packages/e1/43/96436041f0a0c8c8deca6a05ebeaf529bf1de04839f93ac5e7c479807aec/orjson-3.11.4-cp312-cp312-musllinux_1_2_i686.whl", hash = "sha256:03bfa548cf35e3f8b3a96c4e8e41f753c686ff3d8e182ce275b1751deddab58c", size = 150013, upload-time = "2025-10-24T15:49:23.185Z" },
    { url = "https://files.pythonhosted.org/packages/1b/48/78302d98423ed8780479a1e682b9aecb869e8404545d999d34fa486e573e/orjson-3.11.4-cp312-cp312-musllinux_1_2_x86_64.whl", hash = "sha256:525021896afef44a68148f6ed8a8bf8375553d6066c7f48537657f64823565b9", size = 139951, upload-time = "2025-10-24T15:49:24.428Z" },
    { url = "https://files.pythonhosted.org/packages/4a/7b/ad613fdcdaa812f075ec0875143c3d37f8654457d2af17703905425981bf/orjson-3.11.4-cp312-cp312-win32.whl", hash = "sha256:b58430396687ce0f7d9eeb3dd47761ca7d8fda8e9eb92b3077a7a353a75efefa", size = 136049, upload-time = "2025-10-24T15:49:25.973Z" },
    { url = "https://files.pythonhosted.org/packages/b9/3c/9cf47c3ff5f39b8350fb21ba65d789b6a1129d4cbb3033ba36c8a9023520/orjson-3.11.4-cp312-cp312-win_amd64.whl", hash = "sha256:c6dbf422894e1e3c80a177133c0dda260f81428f9de16d61041949f6a2e5c140", size = 131461, upload-time = "2025-10-24T15:49:27.259Z" },
    { url = "https://files.pythonhosted.org/packages/c6/3b/e2425f61e5825dc5b08c2a5a2b3af387eaaca22a12b9c8c01504f8614c36/orjson-3.11.4-cp312-cp312-win_arm64.whl", hash = "sha256:d38d2bc06d6415852224fcc9c0bfa834c25431e466dc319f0edd56cca81aa96e", size = 126167, upload-time = "2025-10-24T15:49:28.511Z" },
    { url = "https://files.pythonhosted.org/packages/23/15/c52aa7112006b0f3d6180386c3a46ae057f932ab3425bc6f6ac50431cca1/orjson-3.11.4-cp313-cp313-macosx_10_15_x86_64.macosx_11_0_arm64.macosx_10_15_universal2.whl", hash = "sha256:2d6737d0e616a6e053c8b4acc9eccea6b6cce078533666f32d140e4f85002534", size = 243525, upload-time = "2025-10-24T15:49:29.737Z" },
    { url = "https://files.pythonhosted.org/packages/ec/38/05340734c33b933fd114f161f25a04e651b0c7c33ab95e9416ade5cb44b8/orjson-3.11.4-cp313-cp313-macosx_15_0_arm64.whl", hash = "sha256:afb14052690aa328cc118a8e09f07c651d301a72e44920b887c519b313d892ff", size = 128871, upload-time = "2025-10-24T15:49:31.109Z" },
    { url = "https://files.pythonhosted.org/packages/55/b9/ae8d34899ff0c012039b5a7cb96a389b2476e917733294e498586b45472d/orjson-3.11.4-cp313-cp313-manylinux_2_17_aarch64.manylinux2014_aarch64.whl", hash = "sha256:38aa9e65c591febb1b0aed8da4d469eba239d434c218562df179885c94e1a3ad", size = 130055, upload-time = "2025-10-24T15:49:33.382Z" },
    { url = "https://files.pythonhosted.org/packages/33/aa/6346dd5073730451bee3681d901e3c337e7ec17342fb79659ec9794fc023/orjson-3.11.4-cp313-cp313-manylinux_2_17_armv7l.manylinux2014_armv7l.whl", hash = "sha256:f2cf4dfaf9163b0728d061bebc1e08631875c51cd30bf47cb9e3293bfbd7dcd5", size = 129061, upload-time = "2025-10-24T15:49:34.935Z" },
    { url = "https://files.pythonhosted.org/packages/39/e4/8eea51598f66a6c853c380979912d17ec510e8e66b280d968602e680b942/orjson-3.11.4-cp313-cp313-manylinux_2_17_i686.manylinux2014_i686.whl", hash = "sha256:89216ff3dfdde0e4070932e126320a1752c9d9a758d6a32ec54b3b9334991a6a", size = 136541, upload-time = "2025-10-24T15:49:36.923Z" },
    { url = "https://files.pythonhosted.org/packages/9a/47/cb8c654fa9adcc60e99580e17c32b9e633290e6239a99efa6b885aba9dbc/orjson-3.11.4-cp313-cp313-manylinux_2_17_ppc64le.manylinux2014_ppc64le.whl", hash = "sha256:9daa26ca8e97fae0ce8aa5d80606ef8f7914e9b129b6b5df9104266f764ce436", size = 137535, upload-time = "2025-10-24T15:49:38.307Z" },
    { url = "https://files.pythonhosted.org/packages/43/92/04b8cc5c2b729f3437ee013ce14a60ab3d3001465d95c184758f19362f23/orjson-3.11.4-cp313-cp313-manylinux_2_17_s390x.manylinux2014_s390x.whl", hash = "sha256:5c8b2769dc31883c44a9cd126560327767f848eb95f99c36c9932f51090bfce9", size = 136703, upload-time = "2025-10-24T15:49:40.795Z" },
    { url = "https://files.pythonhosted.org/packages/aa/fd/d0733fcb9086b8be4ebcfcda2d0312865d17d0d9884378b7cffb29d0763f/orjson-3.11.4-cp313-cp313-manylinux_2_17_x86_64.manylinux2014_x86_64.whl", hash = "sha256:1469d254b9884f984026bd9b0fa5bbab477a4bfe558bba6848086f6d43eb5e73", size = 136293, upload-time = "2025-10-24T15:49:42.347Z" },
    { url = "https://files.pythonhosted.org/packages/c2/d7/3c5514e806837c210492d72ae30ccf050ce3f940f45bf085bab272699ef4/orjson-3.11.4-cp313-cp313-musllinux_1_2_aarch64.whl", hash = "sha256:68e44722541983614e37117209a194e8c3ad07838ccb3127d96863c95ec7f1e0", size = 140131, upload-time = "2025-10-24T15:49:43.638Z" },
    { url = "https://files.pythonhosted.org/packages/9c/dd/ba9d32a53207babf65bd510ac4d0faaa818bd0df9a9c6f472fe7c254f2e3/orjson-3.11.4-cp313-cp313-musllinux_1_2_armv7l.whl", hash = "sha256:8e7805fda9672c12be2f22ae124dcd7b03928d6c197544fe12174b86553f3196", size = 406164, upload-time = "2025-10-24T15:49:45.498Z" },
    { url = "https://files.pythonhosted.org/packages/8e/f9/f68ad68f4af7c7bde57cd514eaa2c785e500477a8bc8f834838eb696a685/orjson-3.11.4-cp313-cp313-musllinux_1_2_i686.whl", hash = "sha256:04b69c14615fb4434ab867bf6f38b2d649f6f300af30a6705397e895f7aec67a", size = 149859, upload-time = "2025-10-24T15:49:46.981Z" },
    { url = "https://files.pythonhosted.org/packages/b6/d2/7f847761d0c26818395b3d6b21fb6bc2305d94612a35b0a30eae65a22728/orjson-3.11.4-cp313-cp313-musllinux_1_2_x86_64.whl", hash = "sha256:639c3735b8ae7f970066930e58cf0ed39a852d417c24acd4a25fc0b3da3c39a6", size = 139926, upload-time = "2025-10-24T15:49:48.321Z" },
    { url = "https://files.pythonhosted.org/packages/9f/37/acd14b12dc62db9a0e1d12386271b8661faae270b22492580d5258808975/orjson-3.11.4-cp313-cp313-win32.whl", hash = "sha256:6c13879c0d2964335491463302a6ca5ad98105fc5db3565499dcb80b1b4bd839", size = 136007, upload-time = "2025-10-24T15:49:49.938Z" },
    { url = "https://files.pythonhosted.org/packages/c0/a9/967be009ddf0a1fffd7a67de9c36656b28c763659ef91352acc02cbe364c/orjson-3.11.4-cp313-cp313-win_amd64.whl", hash = "sha256:09bf242a4af98732db9f9a1ec57ca2604848e16f132e3f72edfd3c5c96de009a", size = 131314, upload-time = "2025-10-24T15:49:51.248Z" },
    { url = "https://files.pythonhosted.org/packages/cb/db/399abd6950fbd94ce125cb8cd1a968def95174792e127b0642781e040ed4/orjson-3.11.4-cp313-cp313-win_arm64.whl", hash = "sha256:a85f0adf63319d6c1ba06fb0dbf997fced64a01179cf17939a6caca662bf92de", size = 126152, upload-time = "2025-10-24T15:49:52.922Z" },
    { url = "https://files.pythonhosted.org/packages/25/e3/54ff63c093cc1697e758e4fceb53164dd2661a7d1bcd522260ba09f54533/orjson-3.11.4-cp314-cp314-macosx_10_15_x86_64.macosx_11_0_arm64.macosx_10_15_universal2.whl", hash = "sha256:42d43a1f552be1a112af0b21c10a5f553983c2a0938d2bbb8ecd8bc9fb572803", size = 243501, upload-time = "2025-10-24T15:49:54.288Z" },
    { url = "https://files.pythonhosted.org/packages/ac/7d/e2d1076ed2e8e0ae9badca65bf7ef22710f93887b29eaa37f09850604e09/orjson-3.11.4-cp314-cp314-macosx_15_0_arm64.whl", hash = "sha256:26a20f3fbc6c7ff2cb8e89c4c5897762c9d88cf37330c6a117312365d6781d54", size = 128862, upload-time = "2025-10-24T15:49:55.961Z" },
    { url = "https://files.pythonhosted.org/packages/9f/37/ca2eb40b90621faddfa9517dfe96e25f5ae4d8057a7c0cdd613c17e07b2c/orjson-3.11.4-cp314-cp314-manylinux_2_17_aarch64.manylinux2014_aarch64.whl", hash = "sha256:6e3f20be9048941c7ffa8fc523ccbd17f82e24df1549d1d1fe9317712d19938e", size = 130047, upload-time = "2025-10-24T15:49:57.406Z" },
    { url = "https://files.pythonhosted.org/packages/c7/62/1021ed35a1f2bad9040f05fa4cc4f9893410df0ba3eaa323ccf899b1c90a/orjson-3.11.4-cp314-cp314-manylinux_2_17_armv7l.manylinux2014_armv7l.whl", hash = "sha256:aac364c758dc87a52e68e349924d7e4ded348dedff553889e4d9f22f74785316", size = 129073, upload-time = "2025-10-24T15:49:58.782Z" },
    { url = "https://files.pythonhosted.org/packages/e8/3f/f84d966ec2a6fd5f73b1a707e7cd876813422ae4bf9f0145c55c9c6a0f57/orjson-3.11.4-cp314-cp314-manylinux_2_17_i686.manylinux2014_i686.whl", hash = "sha256:d5c54a6d76e3d741dcc3f2707f8eeb9ba2a791d3adbf18f900219b62942803b1", size = 136597, upload-time = "2025-10-24T15:50:00.12Z" },
    { url = "https://files.pythonhosted.org/packages/32/78/4fa0aeca65ee82bbabb49e055bd03fa4edea33f7c080c5c7b9601661ef72/orjson-3.11.4-cp314-cp314-manylinux_2_17_ppc64le.manylinux2014_ppc64le.whl", hash = "sha256:f28485bdca8617b79d44627f5fb04336897041dfd9fa66d383a49d09d86798bc", size = 137515, upload-time = "2025-10-24T15:50:01.57Z" },
    { url = "https://files.pythonhosted.org/packages/c1/9d/0c102e26e7fde40c4c98470796d050a2ec1953897e2c8ab0cb95b0759fa2/orjson-3.11.4-cp314-cp314-manylinux_2_17_s390x.manylinux2014_s390x.whl", hash = "sha256:bfc2a484cad3585e4ba61985a6062a4c2ed5c7925db6d39f1fa267c9d166487f", size = 136703, upload-time = "2025-10-24T15:50:02.944Z" },
    { url = "https://files.pythonhosted.org/packages/df/ac/2de7188705b4cdfaf0b6c97d2f7849c17d2003232f6e70df98602173f788/orjson-3.11.4-cp314-cp314-manylinux_2_17_x86_64.manylinux2014_x86_64.whl", hash = "sha256:e34dbd508cb91c54f9c9788923daca129fe5b55c5b4eebe713bf5ed3791280cf", size = 136311, upload-time = "2025-10-24T15:50:04.441Z" },
    { url = "https://files.pythonhosted.org/packages/e0/52/847fcd1a98407154e944feeb12e3b4d487a0e264c40191fb44d1269cbaa1/orjson-3.11.4-cp314-cp314-musllinux_1_2_aarch64.whl", hash = "sha256:b13c478fa413d4b4ee606ec8e11c3b2e52683a640b006bb586b3041c2ca5f606", size = 140127, upload-time = "2025-10-24T15:50:07.398Z" },
    { url = "https://files.pythonhosted.org/packages/c1/ae/21d208f58bdb847dd4d0d9407e2929862561841baa22bdab7aea10ca088e/orjson-3.11.4-cp314-cp314-musllinux_1_2_armv7l.whl", hash = "sha256:724ca721ecc8a831b319dcd72cfa370cc380db0bf94537f08f7edd0a7d4e1780", size = 406201, upload-time = "2025-10-24T15:50:08.796Z" },
    { url = "https://files.pythonhosted.org/packages/8d/55/0789d6de386c8366059db098a628e2ad8798069e94409b0d8935934cbcb9/orjson-3.11.4-cp314-cp314-musllinux_1_2_i686.whl", hash = "sha256:977c393f2e44845ce1b540e19a786e9643221b3323dae190668a98672d43fb23", size = 149872, upload-time = "2025-10-24T15:50:10.234Z" },
    { url = "https://files.pythonhosted.org/packages/cc/1d/7ff81ea23310e086c17b41d78a72270d9de04481e6113dbe2ac19118f7fb/orjson-3.11.4-cp314-cp314-musllinux_1_2_x86_64.whl", hash = "sha256:1e539e382cf46edec157ad66b0b0872a90d829a6b71f17cb633d6c160a223155", size = 139931, upload-time = "2025-10-24T15:50:11.623Z" },
    { url = "https://files.pythonhosted.org/packages/77/92/25b886252c50ed64be68c937b562b2f2333b45afe72d53d719e46a565a50/orjson-3.11.4-cp314-cp314-win32.whl", hash = "sha256:d63076d625babab9db5e7836118bdfa086e60f37d8a174194ae720161eb12394", size = 136065, upload-time = "2025-10-24T15:50:13.025Z" },
    { url = "https://files.pythonhosted.org/packages/63/b8/718eecf0bb7e9d64e4956afaafd23db9f04c776d445f59fe94f54bdae8f0/orjson-3.11.4-cp314-cp314-win_amd64.whl", hash = "sha256:0a54d6635fa3aaa438ae32e8570b9f0de36f3f6562c308d2a2a452e8b0592db1", size = 131310, upload-time = "2025-10-24T15:50:14.46Z" },
    { url = "https://files.pythonhosted.org/packages/1a/bf/def5e25d4d8bfce296a9a7c8248109bf58622c21618b590678f945a2c59c/orjson-3.11.4-cp314-cp314-win_arm64.whl", hash = "sha256:78b999999039db3cf58f6d230f524f04f75f129ba3d1ca2ed121f8657e575d3d", size = 126151, upload-time = "2025-10-24T15:50:15.878Z" },
]

[[package]]
name = "packaging"
version = "25.0"
source = { registry = "https://pypi.org/simple" }
sdist = { url = "https://files.pythonhosted.org/packages/a1/d4/1fc4078c65507b51b96ca8f8c3ba19e6a61c8253c72794544580a7b6c24d/packaging-25.0.tar.gz", hash = "sha256:d443872c98d677bf60f6a1f2f8c1cb748e8fe762d2bf9d3148b5599295b0fc4f", size = 165727, upload-time = "2025-04-19T11:48:59.673Z" }
wheels = [
    { url = "https://files.pythonhosted.org/packages/20/12/38679034af332785aac8774540895e234f4d07f7545804097de4b666afd8/packaging-25.0-py3-none-any.whl", hash = "sha256:29572ef2b1f17581046b3a2227d5c611fb25ec70ca1ba8554b24b0e69331a484", size = 66469, upload-time = "2025-04-19T11:48:57.875Z" },
]

[[package]]
name = "pluggy"
version = "1.6.0"
source = { registry = "https://pypi.org/simple" }
sdist = { url = "https://files.pythonhosted.org/packages/f9/e2/3e91f31a7d2b083fe6ef3fa267035b518369d9511ffab804f839851d2779/pluggy-1.6.0.tar.gz", hash = "sha256:7dcc130b76258d33b90f61b658791dede3486c3e6bfb003ee5c9bfb396dd22f3", size = 69412, upload-time = "2025-05-15T12:30:07.975Z" }
wheels = [
    { url = "https://files.pythonhosted.org/packages/54/20/4d324d65cc6d9205fabedc306948156824eb9f0ee1633355a8f7ec5c66bf/pluggy-1.6.0-py3-none-any.whl", hash = "sha256:e920276dd6813095e9377c0bc5566d94c932c33b27a3e3945d8389c374dd4746", size = 20538, upload-time = "2025-05-15T12:30:06.134Z" },
]

[[package]]
name = "prompt-toolkit"
version = "3.0.52"
source = { registry = "https://pypi.org/simple" }
dependencies = [
    { name = "wcwidth" },
]
sdist = { url = "https://files.pythonhosted.org/packages/a1/96/06e01a7b38dce6fe1db213e061a4602dd6032a8a97ef6c1a862537732421/prompt_toolkit-3.0.52.tar.gz", hash = "sha256:28cde192929c8e7321de85de1ddbe736f1375148b02f2e17edd840042b1be855", size = 434198, upload-time = "2025-08-27T15:24:02.057Z" }
wheels = [
    { url = "https://files.pythonhosted.org/packages/84/03/0d3ce49e2505ae70cf43bc5bb3033955d2fc9f932163e84dc0779cc47f48/prompt_toolkit-3.0.52-py3-none-any.whl", hash = "sha256:9aac639a3bbd33284347de5ad8d68ecc044b91a762dc39b7c21095fcd6a19955", size = 391431, upload-time = "2025-08-27T15:23:59.498Z" },
]

[[package]]
name = "pygments"
version = "2.19.2"
source = { registry = "https://pypi.org/simple" }
sdist = { url = "https://files.pythonhosted.org/packages/b0/77/a5b8c569bf593b0140bde72ea885a803b82086995367bf2037de0159d924/pygments-2.19.2.tar.gz", hash = "sha256:636cb2477cec7f8952536970bc533bc43743542f70392ae026374600add5b887", size = 4968631, upload-time = "2025-06-21T13:39:12.283Z" }
wheels = [
    { url = "https://files.pythonhosted.org/packages/c7/21/705964c7812476f378728bdf590ca4b771ec72385c533964653c68e86bdc/pygments-2.19.2-py3-none-any.whl", hash = "sha256:86540386c03d588bb81d44bc3928634ff26449851e99741617ecb9037ee5ec0b", size = 1225217, upload-time = "2025-06-21T13:39:07.939Z" },
]

[[package]]
name = "pyright"
version = "1.1.407"
source = { registry = "https://pypi.org/simple" }
dependencies = [
    { name = "nodeenv" },
    { name = "typing-extensions" },
]
sdist = { url = "https://files.pythonhosted.org/packages/a6/1b/0aa08ee42948b61745ac5b5b5ccaec4669e8884b53d31c8ec20b2fcd6b6f/pyright-1.1.407.tar.gz", hash = "sha256:099674dba5c10489832d4a4b2d302636152a9a42d317986c38474c76fe562262", size = 4122872, upload-time = "2025-10-24T23:17:15.145Z" }
wheels = [
    { url = "https://files.pythonhosted.org/packages/dc/93/b69052907d032b00c40cb656d21438ec00b3a471733de137a3f65a49a0a0/pyright-1.1.407-py3-none-any.whl", hash = "sha256:6dd419f54fcc13f03b52285796d65e639786373f433e243f8b94cf93a7444d21", size = 5997008, upload-time = "2025-10-24T23:17:13.159Z" },
]

[[package]]
name = "pytest"
version = "9.0.1"
source = { registry = "https://pypi.org/simple" }
dependencies = [
    { name = "colorama", marker = "sys_platform == 'win32'" },
    { name = "iniconfig" },
    { name = "packaging" },
    { name = "pluggy" },
    { name = "pygments" },
]
sdist = { url = "https://files.pythonhosted.org/packages/07/56/f013048ac4bc4c1d9be45afd4ab209ea62822fb1598f40687e6bf45dcea4/pytest-9.0.1.tar.gz", hash = "sha256:3e9c069ea73583e255c3b21cf46b8d3c56f6e3a1a8f6da94ccb0fcf57b9d73c8", size = 1564125, upload-time = "2025-11-12T13:05:09.333Z" }
wheels = [
    { url = "https://files.pythonhosted.org/packages/0b/8b/6300fb80f858cda1c51ffa17075df5d846757081d11ab4aa35cef9e6258b/pytest-9.0.1-py3-none-any.whl", hash = "sha256:67be0030d194df2dfa7b556f2e56fb3c3315bd5c8822c6951162b92b32ce7dad", size = 373668, upload-time = "2025-11-12T13:05:07.379Z" },
]

[[package]]
name = "pytest-celery-utils"
version = "0.1.0"
source = { editable = "." }
dependencies = [
    { name = "celery" },
    { name = "kombu" },
    { name = "pytest" },
    { name = "redis" },
    { name = "structlog-config" },
]

[package.dev-dependencies]
dev = [
    { name = "pyright" },
    { name = "pytest" },
    { name = "ruff" },
]

[package.metadata]
requires-dist = [
    { name = "celery", specifier = ">=5.5.3" },
    { name = "kombu", specifier = ">=5.5.4" },
    { name = "pytest", specifier = ">=9.0.1" },
    { name = "redis", specifier = ">=7.0.1" },
    { name = "structlog-config", specifier = "==0.6.0" },
]

[package.metadata.requires-dev]
dev = [
    { name = "pyright", specifier = ">=1.1.380" },
    { name = "pytest", specifier = ">=8.3.3" },
    { name = "ruff", specifier = ">=0.8.0" },
]

[[package]]
name = "python-dateutil"
version = "2.9.0.post0"
source = { registry = "https://pypi.org/simple" }
dependencies = [
    { name = "six" },
]
sdist = { url = "https://files.pythonhosted.org/packages/66/c0/0c8b6ad9f17a802ee498c46e004a0eb49bc148f2fd230864601a86dcf6db/python-dateutil-2.9.0.post0.tar.gz", hash = "sha256:37dd54208da7e1cd875388217d5e00ebd4179249f90fb72437e91a35459a0ad3", size = 342432, upload-time = "2024-03-01T18:36:20.211Z" }
wheels = [
    { url = "https://files.pythonhosted.org/packages/ec/57/56b9bcc3c9c6a792fcbaf139543cee77261f3651ca9da0c93f5c1221264b/python_dateutil-2.9.0.post0-py2.py3-none-any.whl", hash = "sha256:a8b2bc7bffae282281c8140a97d3aa9c14da0b136dfe83f850eea9a5f7470427", size = 229892, upload-time = "2024-03-01T18:36:18.57Z" },
]

[[package]]
name = "python-decouple-typed"
version = "3.11.0"
source = { registry = "https://pypi.org/simple" }
wheels = [
    { url = "https://files.pythonhosted.org/packages/9d/ca/fc5a6119146651cbfbb4aae333a2e6f69844161092c450b10e97064f5e75/python_decouple_typed-3.11.0-py3-none-any.whl", hash = "sha256:967665073aec7a861844e0d9d21768324d3d819311574702cf5be7403a18da58", size = 11440, upload-time = "2023-12-17T14:43:22.043Z" },
]

[[package]]
name = "python-ipware"
version = "3.0.0"
source = { registry = "https://pypi.org/simple" }
sdist = { url = "https://files.pythonhosted.org/packages/9e/60/da4426c3e9aee56f08b24091a9e85a0414260f928f97afd0013dfbd0332f/python_ipware-3.0.0.tar.gz", hash = "sha256:9117b1c4dddcb5d5ca49e6a9617de2fc66aec2ef35394563ac4eecabdf58c062", size = 16609, upload-time = "2024-04-19T20:00:58.938Z" }
wheels = [
    { url = "https://files.pythonhosted.org/packages/08/bd/ccd7416fdb30f104ddf6cfd8ee9f699441c7d9880a26f9b3089438adee05/python_ipware-3.0.0-py3-none-any.whl", hash = "sha256:fc936e6e7ec9fcc107f9315df40658f468ac72f739482a707181742882e36b60", size = 10761, upload-time = "2024-04-19T20:00:57.171Z" },
]

[[package]]
name = "redis"
version = "7.1.0"
source = { registry = "https://pypi.org/simple" }
dependencies = [
    { name = "async-timeout", marker = "python_full_version < '3.11.3'" },
]
sdist = { url = "https://files.pythonhosted.org/packages/43/c8/983d5c6579a411d8a99bc5823cc5712768859b5ce2c8afe1a65b37832c81/redis-7.1.0.tar.gz", hash = "sha256:b1cc3cfa5a2cb9c2ab3ba700864fb0ad75617b41f01352ce5779dabf6d5f9c3c", size = 4796669, upload-time = "2025-11-19T15:54:39.961Z" }
wheels = [
    { url = "https://files.pythonhosted.org/packages/89/f0/8956f8a86b20d7bb9d6ac0187cf4cd54d8065bc9a1a09eb8011d4d326596/redis-7.1.0-py3-none-any.whl", hash = "sha256:23c52b208f92b56103e17c5d06bdc1a6c2c0b3106583985a76a18f83b265de2b", size = 354159, upload-time = "2025-11-19T15:54:38.064Z" },
]

[[package]]
name = "ruff"
version = "0.14.7"
source = { registry = "https://pypi.org/simple" }
sdist = { url = "https://files.pythonhosted.org/packages/b7/5b/dd7406afa6c95e3d8fa9d652b6d6dd17dd4a6bf63cb477014e8ccd3dcd46/ruff-0.14.7.tar.gz", hash = "sha256:3417deb75d23bd14a722b57b0a1435561db65f0ad97435b4cf9f85ffcef34ae5", size = 5727324, upload-time = "2025-11-28T20:55:10.525Z" }
wheels = [
    { url = "https://files.pythonhosted.org/packages/8c/b1/7ea5647aaf90106f6d102230e5df874613da43d1089864da1553b899ba5e/ruff-0.14.7-py3-none-linux_armv6l.whl", hash = "sha256:b9d5cb5a176c7236892ad7224bc1e63902e4842c460a0b5210701b13e3de4fca", size = 13414475, upload-time = "2025-11-28T20:54:54.569Z" },
    { url = "https://files.pythonhosted.org/packages/af/19/fddb4cd532299db9cdaf0efdc20f5c573ce9952a11cb532d3b859d6d9871/ruff-0.14.7-py3-none-macosx_10_12_x86_64.whl", hash = "sha256:3f64fe375aefaf36ca7d7250292141e39b4cea8250427482ae779a2aa5d90015", size = 13634613, upload-time = "2025-11-28T20:55:17.54Z" },
    { url = "https://files.pythonhosted.org/packages/40/2b/469a66e821d4f3de0440676ed3e04b8e2a1dc7575cf6fa3ba6d55e3c8557/ruff-0.14.7-py3-none-macosx_11_0_arm64.whl", hash = "sha256:93e83bd3a9e1a3bda64cb771c0d47cda0e0d148165013ae2d3554d718632d554", size = 12765458, upload-time = "2025-11-28T20:55:26.128Z" },
    { url = "https://files.pythonhosted.org/packages/f1/05/0b001f734fe550bcfde4ce845948ac620ff908ab7241a39a1b39bb3c5f49/ruff-0.14.7-py3-none-manylinux_2_17_aarch64.manylinux2014_aarch64.whl", hash = "sha256:3838948e3facc59a6070795de2ae16e5786861850f78d5914a03f12659e88f94", size = 13236412, upload-time = "2025-11-28T20:55:28.602Z" },
    { url = "https://files.pythonhosted.org/packages/11/36/8ed15d243f011b4e5da75cd56d6131c6766f55334d14ba31cce5461f28aa/ruff-0.14.7-py3-none-manylinux_2_17_armv7l.manylinux2014_armv7l.whl", hash = "sha256:24c8487194d38b6d71cd0fd17a5b6715cda29f59baca1defe1e3a03240f851d1", size = 13182949, upload-time = "2025-11-28T20:55:33.265Z" },
    { url = "https://files.pythonhosted.org/packages/3b/cf/fcb0b5a195455729834f2a6eadfe2e4519d8ca08c74f6d2b564a4f18f553/ruff-0.14.7-py3-none-manylinux_2_17_i686.manylinux2014_i686.whl", hash = "sha256:79c73db6833f058a4be8ffe4a0913b6d4ad41f6324745179bd2aa09275b01d0b", size = 13816470, upload-time = "2025-11-28T20:55:08.203Z" },
    { url = "https://files.pythonhosted.org/packages/7f/5d/34a4748577ff7a5ed2f2471456740f02e86d1568a18c9faccfc73bd9ca3f/ruff-0.14.7-py3-none-manylinux_2_17_ppc64.manylinux2014_ppc64.whl", hash = "sha256:12eb7014fccff10fc62d15c79d8a6be4d0c2d60fe3f8e4d169a0d2def75f5dad", size = 15289621, upload-time = "2025-11-28T20:55:30.837Z" },
    { url = "https://files.pythonhosted.org/packages/53/53/0a9385f047a858ba133d96f3f8e3c9c66a31cc7c4b445368ef88ebeac209/ruff-0.14.7-py3-none-manylinux_2_17_ppc64le.manylinux2014_ppc64le.whl", hash = "sha256:6c623bbdc902de7ff715a93fa3bb377a4e42dd696937bf95669118773dbf0c50", size = 14975817, upload-time = "2025-11-28T20:55:24.107Z" },
    { url = "https://files.pythonhosted.org/packages/a8/d7/2f1c32af54c3b46e7fadbf8006d8b9bcfbea535c316b0bd8813d6fb25e5d/ruff-0.14.7-py3-none-manylinux_2_17_s390x.manylinux2014_s390x.whl", hash = "sha256:f53accc02ed2d200fa621593cdb3c1ae06aa9b2c3cae70bc96f72f0000ae97a9", size = 14284549, upload-time = "2025-11-28T20:55:06.08Z" },
    { url = "https://files.pythonhosted.org/packages/92/05/434ddd86becd64629c25fb6b4ce7637dd52a45cc4a4415a3008fe61c27b9/ruff-0.14.7-py3-none-manylinux_2_17_x86_64.manylinux2014_x86_64.whl", hash = "sha256:281f0e61a23fcdcffca210591f0f53aafaa15f9025b5b3f9706879aaa8683bc4", size = 14071389, upload-time = "2025-11-28T20:55:35.617Z" },
    { url = "https://files.pythonhosted.org/packages/ff/50/fdf89d4d80f7f9d4f420d26089a79b3bb1538fe44586b148451bc2ba8d9c/ruff-0.14.7-py3-none-manylinux_2_31_riscv64.whl", hash = "sha256:dbbaa5e14148965b91cb090236931182ee522a5fac9bc5575bafc5c07b9f9682", size = 14202679, upload-time = "2025-11-28T20:55:01.472Z" },
    { url = "https://files.pythonhosted.org/packages/77/54/87b34988984555425ce967f08a36df0ebd339bb5d9d0e92a47e41151eafc/ruff-0.14.7-py3-none-musllinux_1_2_aarch64.whl", hash = "sha256:1464b6e54880c0fe2f2d6eaefb6db15373331414eddf89d6b903767ae2458143", size = 13147677, upload-time = "2025-11-28T20:55:19.933Z" },
    { url = "https://files.pythonhosted.org/packages/67/29/f55e4d44edfe053918a16a3299e758e1c18eef216b7a7092550d7a9ec51c/ruff-0.14.7-py3-none-musllinux_1_2_armv7l.whl", hash = "sha256:f217ed871e4621ea6128460df57b19ce0580606c23aeab50f5de425d05226784", size = 13151392, upload-time = "2025-11-28T20:55:21.967Z" },
    { url = "https://files.pythonhosted.org/packages/36/69/47aae6dbd4f1d9b4f7085f4d9dcc84e04561ee7ad067bf52e0f9b02e3209/ruff-0.14.7-py3-none-musllinux_1_2_i686.whl", hash = "sha256:6be02e849440ed3602d2eb478ff7ff07d53e3758f7948a2a598829660988619e", size = 13412230, upload-time = "2025-11-28T20:55:12.749Z" },
    { url = "https://files.pythonhosted.org/packages/b7/4b/6e96cb6ba297f2ba502a231cd732ed7c3de98b1a896671b932a5eefa3804/ruff-0.14.7-py3-none-musllinux_1_2_x86_64.whl", hash = "sha256:19a0f116ee5e2b468dfe80c41c84e2bbd6b74f7b719bee86c2ecde0a34563bcc", size = 14195397, upload-time = "2025-11-28T20:54:56.896Z" },
    { url = "https://files.pythonhosted.org/packages/69/82/251d5f1aa4dcad30aed491b4657cecd9fb4274214da6960ffec144c260f7/ruff-0.14.7-py3-none-win32.whl", hash = "sha256:e33052c9199b347c8937937163b9b149ef6ab2e4bb37b042e593da2e6f6cccfa", size = 13126751, upload-time = "2025-11-28T20:55:03.47Z" },
    { url = "https://files.pythonhosted.org/packages/a8/b5/d0b7d145963136b564806f6584647af45ab98946660d399ec4da79cae036/ruff-0.14.7-py3-none-win_amd64.whl", hash = "sha256:e17a20ad0d3fad47a326d773a042b924d3ac31c6ca6deb6c72e9e6b5f661a7c6", size = 14531726, upload-time = "2025-11-28T20:54:59.121Z" },
    { url = "https://files.pythonhosted.org/packages/1d/d2/1637f4360ada6a368d3265bf39f2cf737a0aaab15ab520fc005903e883f8/ruff-0.14.7-py3-none-win_arm64.whl", hash = "sha256:be4d653d3bea1b19742fcc6502354e32f65cd61ff2fbdb365803ef2c2aec6228", size = 13609215, upload-time = "2025-11-28T20:55:15.375Z" },
]

[[package]]
name = "six"
version = "1.17.0"
source = { registry = "https://pypi.org/simple" }
sdist = { url = "https://files.pythonhosted.org/packages/94/e7/b2c673351809dca68a0e064b6af791aa332cf192da575fd474ed7d6f16a2/six-1.17.0.tar.gz", hash = "sha256:ff70335d468e7eb6ec65b95b99d3a2836546063f63acc5171de367e834932a81", size = 34031, upload-time = "2024-12-04T17:35:28.174Z" }
wheels = [
    { url = "https://files.pythonhosted.org/packages/b7/ce/149a00dd41f10bc29e5921b496af8b574d8413afcd5e30dfa0ed46c2cc5e/six-1.17.0-py2.py3-none-any.whl", hash = "sha256:4721f391ed90541fddacab5acf947aa0d3dc7d27b2e1e8eda2be8970586c3274", size = 11050, upload-time = "2024-12-04T17:35:26.475Z" },
]

[[package]]
name = "structlog"
version = "25.5.0"
source = { registry = "https://pypi.org/simple" }
sdist = { url = "https://files.pythonhosted.org/packages/ef/52/9ba0f43b686e7f3ddfeaa78ac3af750292662284b3661e91ad5494f21dbc/structlog-25.5.0.tar.gz", hash = "sha256:098522a3bebed9153d4570c6d0288abf80a031dfdb2048d59a49e9dc2190fc98", size = 1460830, upload-time = "2025-10-27T08:28:23.028Z" }
wheels = [
    { url = "https://files.pythonhosted.org/packages/a8/45/a132b9074aa18e799b891b91ad72133c98d8042c70f6240e4c5f9dabee2f/structlog-25.5.0-py3-none-any.whl", hash = "sha256:a8453e9b9e636ec59bd9e79bbd4a72f025981b3ba0f5837aebf48f02f37a7f9f", size = 72510, upload-time = "2025-10-27T08:28:21.535Z" },
]

[[package]]
name = "structlog-config"
version = "0.6.0"
source = { registry = "https://pypi.org/simple" }
dependencies = [
    { name = "orjson" },
    { name = "python-decouple-typed" },
    { name = "python-ipware" },
    { name = "structlog" },
]
sdist = { url = "https://files.pythonhosted.org/packages/ea/4e/bf39c1ea6a418649862d140480a838b64d530fa06e02fed0ce5b78f0badb/structlog_config-0.6.0.tar.gz", hash = "sha256:048b8dfbef80a76f36faf98b69281de51bb90eba860c66f2d913bb5a0bde3e5a", size = 16730, upload-time = "2025-11-06T00:21:34.05Z" }
wheels = [
    { url = "https://files.pythonhosted.org/packages/24/90/b5e7b5478ae89e2f6c273ecb1b6114fc8b66def5ba0bae08e7f992adc2a3/structlog_config-0.6.0-py3-none-any.whl", hash = "sha256:61683cbf81b2a73b459f2e3157fd0588e77c37da33e43261bce11a4d4d83078b", size = 21370, upload-time = "2025-11-06T00:21:32.829Z" },
]

[[package]]
name = "typing-extensions"
version = "4.15.0"
source = { registry = "https://pypi.org/simple" }
sdist = { url = "https://files.pythonhosted.org/packages/72/94/1a15dd82efb362ac84269196e94cf00f187f7ed21c242792a923cdb1c61f/typing_extensions-4.15.0.tar.gz", hash = "sha256:0cea48d173cc12fa28ecabc3b837ea3cf6f38c6d1136f85cbaaf598984861466", size = 109391, upload-time = "2025-08-25T13:49:26.313Z" }
wheels = [
    { url = "https://files.pythonhosted.org/packages/18/67/36e9267722cc04a6b9f15c7f3441c2363321a3ea07da7ae0c0707beb2a9c/typing_extensions-4.15.0-py3-none-any.whl", hash = "sha256:f0fa19c6845758ab08074a0cfa8b7aecb71c999ca73d62883bc25cc018c4e548", size = 44614, upload-time = "2025-08-25T13:49:24.86Z" },
]

[[package]]
name = "tzdata"
version = "2025.2"
source = { registry = "https://pypi.org/simple" }
sdist = { url = "https://files.pythonhosted.org/packages/95/32/1a225d6164441be760d75c2c42e2780dc0873fe382da3e98a2e1e48361e5/tzdata-2025.2.tar.gz", hash = "sha256:b60a638fcc0daffadf82fe0f57e53d06bdec2f36c4df66280ae79bce6bd6f2b9", size = 196380, upload-time = "2025-03-23T13:54:43.652Z" }
wheels = [
    { url = "https://files.pythonhosted.org/packages/5c/23/c7abc0ca0a1526a0774eca151daeb8de62ec457e77262b66b359c3c7679e/tzdata-2025.2-py2.py3-none-any.whl", hash = "sha256:1a403fada01ff9221ca8044d701868fa132215d84beb92242d9acd2147f667a8", size = 347839, upload-time = "2025-03-23T13:54:41.845Z" },
]

[[package]]
name = "vine"
version = "5.1.0"
source = { registry = "https://pypi.org/simple" }
sdist = { url = "https://files.pythonhosted.org/packages/bd/e4/d07b5f29d283596b9727dd5275ccbceb63c44a1a82aa9e4bfd20426762ac/vine-5.1.0.tar.gz", hash = "sha256:8b62e981d35c41049211cf62a0a1242d8c1ee9bd15bb196ce38aefd6799e61e0", size = 48980, upload-time = "2023-11-05T08:46:53.857Z" }
wheels = [
    { url = "https://files.pythonhosted.org/packages/03/ff/7c0c86c43b3cbb927e0ccc0255cb4057ceba4799cd44ae95174ce8e8b5b2/vine-5.1.0-py3-none-any.whl", hash = "sha256:40fdf3c48b2cfe1c38a49e9ae2da6fda88e4794c810050a728bd7413811fb1dc", size = 9636, upload-time = "2023-11-05T08:46:51.205Z" },
]

[[package]]
name = "wcwidth"
version = "0.2.14"
source = { registry = "https://pypi.org/simple" }
sdist = { url = "https://files.pythonhosted.org/packages/24/30/6b0809f4510673dc723187aeaf24c7f5459922d01e2f794277a3dfb90345/wcwidth-0.2.14.tar.gz", hash = "sha256:4d478375d31bc5395a3c55c40ccdf3354688364cd61c4f6adacaa9215d0b3605", size = 102293, upload-time = "2025-09-22T16:29:53.023Z" }
wheels = [
    { url = "https://files.pythonhosted.org/packages/af/b5/123f13c975e9f27ab9c0770f514345bd406d0e8d3b7a0723af9d43f710af/wcwidth-0.2.14-py2.py3-none-any.whl", hash = "sha256:a7bb560c8aee30f9957e5f9895805edd20602f2d7f720186dfd906e82b4982e1", size = 37286, upload-time = "2025-09-22T16:29:51.641Z" },
]
